
Microsoft Visual Studio Solution File, Format Version 12.00
# Visual Studio 15
VisualStudioVersion = 15.0.26730.16
MinimumVisualStudioVersion = 10.0.40219.1
Project("{FAE04EC0-301F-11D3-BF4B-00C04F79EFBC}") = "MED", "MED\MED.csproj", "{D9DC3B92-725B-4577-BE39-02A2F2B08B01}"
EndProject
Project("{FAE04EC0-301F-11D3-BF4B-00C04F79EFBC}") = "UI", "UI\UI.csproj", "{3B2D99BF-ED6B-49BB-AFDB-581C553EA6F2}"
EndProject
Global
	GlobalSection(SolutionConfigurationPlatforms) = preSolution
		Debug|Any CPU = Debug|Any CPU
		Release|Any CPU = Release|Any CPU
	EndGlobalSection
	GlobalSection(ProjectConfigurationPlatforms) = postSolution
		{D9DC3B92-725B-4577-BE39-02A2F2B08B01}.Debug|Any CPU.ActiveCfg = Debug|Any CPU
		{D9DC3B92-725B-4577-BE39-02A2F2B08B01}.Debug|Any CPU.Build.0 = Debug|Any CPU
		{D9DC3B92-725B-4577-BE39-02A2F2B08B01}.Release|Any CPU.ActiveCfg = Release|Any CPU
		{D9DC3B92-725B-4577-BE39-02A2F2B08B01}.Release|Any CPU.Build.0 = Release|Any CPU
		{3B2D99BF-ED6B-49BB-AFDB-581C553EA6F2}.Debug|Any CPU.ActiveCfg = Debug|Any CPU
		{3B2D99BF-ED6B-49BB-AFDB-581C553EA6F2}.Debug|Any CPU.Build.0 = Debug|Any CPU
		{3B2D99BF-ED6B-49BB-AFDB-581C553EA6F2}.Release|Any CPU.ActiveCfg = Release|Any CPU
		{3B2D99BF-ED6B-49BB-AFDB-581C553EA6F2}.Release|Any CPU.Build.0 = Release|Any CPU
	EndGlobalSection
	GlobalSection(SolutionProperties) = preSolution
		HideSolutionNode = FALSE
	EndGlobalSection
	GlobalSection(ExtensibilityGlobals) = postSolution
		SolutionGuid = {0482F3AB-65CD-4589-810E-40D37C2D6E01}
	EndGlobalSection
EndGlobal
